
Microsoft Visual Studio Solution File, Format Version 12.00
Project("{FAE04EC0-301F-11D3-BF4B-00C04F79EFBC}") = "FanControl.LiquidCtlTest", "FanControl.LiquidCtlTest\FanControl.LiquidCtlTest.csproj", "{D8134258-FA5E-40E9-8C2D-499493FCE79B}"
EndProject
Project("{FAE04EC0-301F-11D3-BF4B-00C04F79EFBC}") = "FanControl.Liquidctl", "..\FanControl.Liquidctl\FanControl.Liquidctl.csproj", "{E5BBEB06-30AF-4A62-B19A-43D4B7EC2450}"
EndProject
Global
	GlobalSection(SolutionConfigurationPlatforms) = preSolution
		Debug|Any CPU = Debug|Any CPU
		Release|Any CPU = Release|Any CPU
	EndGlobalSection
	GlobalSection(ProjectConfigurationPlatforms) = postSolution
		{D8134258-FA5E-40E9-8C2D-499493FCE79B}.Debug|Any CPU.ActiveCfg = Debug|Any CPU
		{D8134258-FA5E-40E9-8C2D-499493FCE79B}.Debug|Any CPU.Build.0 = Debug|Any CPU
		{D8134258-FA5E-40E9-8C2D-499493FCE79B}.Release|Any CPU.ActiveCfg = Release|Any CPU
		{D8134258-FA5E-40E9-8C2D-499493FCE79B}.Release|Any CPU.Build.0 = Release|Any CPU
		{E5BBEB06-30AF-4A62-B19A-43D4B7EC2450}.Debug|Any CPU.ActiveCfg = Debug|Any CPU
		{E5BBEB06-30AF-4A62-B19A-43D4B7EC2450}.Debug|Any CPU.Build.0 = Debug|Any CPU
		{E5BBEB06-30AF-4A62-B19A-43D4B7EC2450}.Release|Any CPU.ActiveCfg = Release|Any CPU
		{E5BBEB06-30AF-4A62-B19A-43D4B7EC2450}.Release|Any CPU.Build.0 = Release|Any CPU
	EndGlobalSection
EndGlobal
